<Project xmlns="http://schemas.microsoft.com/developer/msbuild/2003">
    <PropertyGroup>
        <ProjectGuid>{8c9734d0-453d-4dcc-8f88-d702322a5444}</ProjectGuid>
        <MainSource>ClienteServicios.dpr</MainSource>
        <Configuration Condition=" '$(Configuration)' == '' ">Debug</Configuration>
        <DCC_DCCCompiler>DCC32</DCC_DCCCompiler>
        <DCC_DependencyCheckOutputName>..\..\Output\CistemEmpresas.exe</DCC_DependencyCheckOutputName>
        <FrameworkType>VCL</FrameworkType>
        <ProjectVersion>15.1</ProjectVersion>
        <Base>True</Base>
        <Config Condition="'$(Config)'==''">Debug</Config>
        <Platform Condition="'$(Platform)'==''">Win32</Platform>
        <TargetedPlatforms>17</TargetedPlatforms>
        <AppType>Application</AppType>
    </PropertyGroup>
    <PropertyGroup Condition="'$(Config)'=='Base' or '$(Base)'!=''">
        <Base>true</Base>
    </PropertyGroup>
    <PropertyGroup Condition="('$(Platform)'=='Win32' and '$(Base)'=='true') or '$(Base_Win32)'!=''">
        <Base_Win32>true</Base_Win32>
        <CfgParent>Base</CfgParent>
        <Base>true</Base>
    </PropertyGroup>
    <PropertyGroup Condition="('$(Platform)'=='Win64' and '$(Base)'=='true') or '$(Base_Win64)'!=''">
        <Base_Win64>true</Base_Win64>
        <CfgParent>Base</CfgParent>
        <Base>true</Base>
    </PropertyGroup>
    <PropertyGroup Condition="'$(Config)'=='Release' or '$(Cfg_1)'!=''">
        <Cfg_1>true</Cfg_1>
        <CfgParent>Base</CfgParent>
        <Base>true</Base>
    </PropertyGroup>
    <PropertyGroup Condition="'$(Config)'=='Debug' or '$(Cfg_2)'!=''">
        <Cfg_2>true</Cfg_2>
        <CfgParent>Base</CfgParent>
        <Base>true</Base>
    </PropertyGroup>
    <PropertyGroup Condition="'$(Base)'!=''">
        <DCC_Namespace>Vcl;Vcl.Imaging;Vcl.Touch;Vcl.Samples;Vcl.Shell;System;Xml;Data;Datasnap;Web;Soap;Winapi;$(DCC_Namespace)</DCC_Namespace>
        <VerInfo_Locale>1033</VerInfo_Locale>
        <VerInfo_AutoGenVersion>true</VerInfo_AutoGenVersion>
        <VerInfo_Build>2</VerInfo_Build>
        <VerInfo_Keys>CompanyName=Cistem S.A. de C.V.;FileDescription=Cistem Empresas;FileVersion=1.0.0.2;InternalName=;LegalCopyright=;LegalTrademarks=;OriginalFilename=;ProductName=;ProductVersion=1.0.0.1;Comments=</VerInfo_Keys>
        <VerInfo_IncludeVerInfo>true</VerInfo_IncludeVerInfo>
    </PropertyGroup>
    <PropertyGroup Condition="'$(Base_Win32)'!=''">
        <Manifest_File>$(BDS)\bin\default_app.manifest</Manifest_File>
        <DCC_Namespace>System.Win;Data.Win;Datasnap.Win;Web.Win;Soap.Win;Xml.Win;Bde;$(DCC_Namespace)</DCC_Namespace>
        <VerInfo_Locale>1033</VerInfo_Locale>
        <VerInfo_Keys>CompanyName=;FileDescription=;FileVersion=1.0.0.0;InternalName=;LegalCopyright=;LegalTrademarks=;OriginalFilename=;ProductName=;ProductVersion=1.0.0.0;Comments=</VerInfo_Keys>
        <VerInfo_IncludeVerInfo>true</VerInfo_IncludeVerInfo>
        <Icon_MainIcon>CistemEmpresas_Icon2.ico</Icon_MainIcon>
    </PropertyGroup>
    <PropertyGroup Condition="'$(Base_Win64)'!=''">
        <Icon_MainIcon>CistemEmpresas_Icon2.ico</Icon_MainIcon>
    </PropertyGroup>
    <PropertyGroup Condition="'$(Cfg_1)'!=''">
        <Version>7.0</Version>
        <DCC_DebugInformation>0</DCC_DebugInformation>
        <DCC_LocalDebugSymbols>False</DCC_LocalDebugSymbols>
        <DCC_SymbolReferenceInfo>0</DCC_SymbolReferenceInfo>
        <DCC_ExeOutput>..\..\Output</DCC_ExeOutput>
        <DCC_DcuOutput>..\Units</DCC_DcuOutput>
        <DCC_ObjOutput>..\Units</DCC_ObjOutput>
        <DCC_HppOutput>..\Units</DCC_HppOutput>
        <DCC_Define>RELEASE;$(DCC_Define)</DCC_Define>
    </PropertyGroup>
    <PropertyGroup Condition="'$(Cfg_2)'!=''">
        <Version>7.0</Version>
        <DCC_ExeOutput>..\..\Output</DCC_ExeOutput>
        <DCC_DcuOutput>..\..\Units</DCC_DcuOutput>
        <DCC_ObjOutput>..\..\Units</DCC_ObjOutput>
        <DCC_HppOutput>..\..\Units</DCC_HppOutput>
        <DCC_Define>DEBUG;$(DCC_Define)</DCC_Define>
        <DCC_MapFile>3</DCC_MapFile>
    </PropertyGroup>
    <ProjectExtensions>
        <Borland.Personality>Delphi.Personality.12</Borland.Personality>
        <Borland.ProjectType/>
        <BorlandProject>
            <Delphi.Personality>
                <Parameters>
                    <Parameters Name="UseLauncher">False</Parameters>
                    <Parameters Name="LoadAllSymbols">True</Parameters>
                    <Parameters Name="LoadUnspecifiedSymbols">False</Parameters>
                </Parameters>
                <VersionInfo>
                    <VersionInfo Name="IncludeVerInfo">True</VersionInfo>
                    <VersionInfo Name="AutoIncBuild">True</VersionInfo>
                    <VersionInfo Name="MajorVer">1</VersionInfo>
                    <VersionInfo Name="MinorVer">0</VersionInfo>
                    <VersionInfo Name="Release">0</VersionInfo>
                    <VersionInfo Name="Build">5</VersionInfo>
                    <VersionInfo Name="Debug">False</VersionInfo>
                    <VersionInfo Name="PreRelease">False</VersionInfo>
                    <VersionInfo Name="Special">False</VersionInfo>
                    <VersionInfo Name="Private">False</VersionInfo>
                    <VersionInfo Name="DLL">False</VersionInfo>
                    <VersionInfo Name="Locale">1033</VersionInfo>
                    <VersionInfo Name="CodePage">1252</VersionInfo>
                </VersionInfo>
                <VersionInfoKeys>
                    <VersionInfoKeys Name="CompanyName">Cistem S.A. de C.V.</VersionInfoKeys>
                    <VersionInfoKeys Name="FileDescription">Cistem Empresas</VersionInfoKeys>
                    <VersionInfoKeys Name="FileVersion">1.0.0.5</VersionInfoKeys>
                    <VersionInfoKeys Name="InternalName"/>
                    <VersionInfoKeys Name="LegalCopyright"/>
                    <VersionInfoKeys Name="LegalTrademarks"/>
                    <VersionInfoKeys Name="OriginalFilename"/>
                    <VersionInfoKeys Name="ProductName"/>
                    <VersionInfoKeys Name="ProductVersion">1.0.0.1</VersionInfoKeys>
                    <VersionInfoKeys Name="Comments"/>
                </VersionInfoKeys>
                <Source>
                    <Source Name="MainSource">ClienteServicios.dpr</Source>
                </Source>
            </Delphi.Personality>
            <ModelSupport>False</ModelSupport>
            <Platforms>
                <Platform value="Android" ActiveMobileDevice="rsxe5_android">True</Platform>
                <Platform value="Win32">True</Platform>
                <Platform value="Win64">False</Platform>
            </Platforms>
        </BorlandProject>
        <ProjectFileVersion>12</ProjectFileVersion>
    </ProjectExtensions>
    <Import Project="$(BDS)\Bin\CodeGear.Delphi.Targets"/>
    <ItemGroup>
        <DelphiCompile Include="$(MainSource)">
            <MainSource>MainSource</MainSource>
        </DelphiCompile>
        <DCCReference Include="uDM.pas">
            <Form>DM</Form>
            <DesignClass>TDataModule</DesignClass>
        </DCCReference>
        <DCCReference Include="ufrmPrincipal.pas">
            <Form>frmPrincipal</Form>
        </DCCReference>
        <DCCReference Include="UfrmCatalogoCategoria.pas">
            <Form>frmCatalogoCategoria</Form>
        </DCCReference>
        <DCCReference Include="ufrmCatalogoDespachador.pas">
            <Form>frmCatalogoDespachador</Form>
        </DCCReference>
        <DCCReference Include="UfrmCatalogoProveedor.pas">
            <Form>frmCatalogoProveedor</Form>
        </DCCReference>
        <DCCReference Include="UfrmCatalogoTipoValor.pas">
            <Form>frmCatalogoTipoValor</Form>
        </DCCReference>
        <DCCReference Include="ufrmCompras.pas">
            <Form>FrmCompra</Form>
        </DCCReference>
        <DCCReference Include="ufrmFacturacionDePiso.pas">
            <Form>FrmFacturacionDePiso</Form>
        </DCCReference>
        <DCCReference Include="ufrmInventarioFisico.pas">
            <Form>FrmInventarioFisico</Form>
        </DCCReference>
        <DCCReference Include="ufrmMermas.pas">
            <Form>FrmMermas</Form>
        </DCCReference>
        <DCCReference Include="ufrmAlmacen.pas">
            <Form>frmAlmacen</Form>
        </DCCReference>
        <DCCReference Include="ufrmBuscar.pas">
            <Form>frmBuscar</Form>
        </DCCReference>
        <DCCReference Include="ufrmBuscarProveedor.pas">
            <Form>frmBuscarProveedor</Form>
        </DCCReference>
        <DCCReference Include="ufrmEstaciones.pas">
            <Form>FrmEstaciones</Form>
        </DCCReference>
        <DCCReference Include="ufrmBuscarProducto.pas">
            <Form>FrmBuscarProducto</Form>
        </DCCReference>
        <DCCReference Include="ufrmCatalogoCuentaBancaria.pas">
            <Form>FrmCatalogoCuentaBancaria</Form>
        </DCCReference>
        <DCCReference Include="ufrmCatalogoReportes.pas">
            <Form>frmCatalogoReportes</Form>
        </DCCReference>
        <DCCReference Include="ufrmCatalogoProductos.pas">
            <Form>frmCatalogoProducto</Form>
        </DCCReference>
        <DCCReference Include="ufrmCatalogoFormaPago.pas">
            <Form>ufrmCatalogoFormadePago</Form>
        </DCCReference>
        <DCCReference Include="UfrmReporteGenerales.pas">
            <Form>frmReporteGenerales</Form>
        </DCCReference>
        <DCCReference Include="ufrmReporteCupon.pas">
            <Form>frmReporteCupon</Form>
        </DCCReference>
        <DCCReference Include="ufrmModificaFolio.pas">
            <Form>frmModificarFolio</Form>
        </DCCReference>
        <DCCReference Include="ufrmModificaFolioFactura.pas">
            <Form>frmModificaFolioFactura</Form>
        </DCCReference>
        <DCCReference Include="ufrmBuscarEstacion2.pas">
            <Form>frmBuscaEstaciones</Form>
        </DCCReference>
        <DCCReference Include="ufrmPropiedadesSistema.pas">
            <Form>frmPropiedadesSistema</Form>
        </DCCReference>
        <DCCReference Include="ufrmCatalogoUsuarios.pas">
            <Form>frmCatalogoUsuarios</Form>
        </DCCReference>
        <DCCReference Include="ufrmReImprimirFactura.pas">
            <Form>frmReImprimirFactura</Form>
        </DCCReference>
        <DCCReference Include="uRapFunctions.pas"/>
        <DCCReference Include="ufrmParametros.pas">
            <Form>frmParametros</Form>
        </DCCReference>
        <DCCReference Include="ufrmPantallaReportes.pas">
            <Form>frmPantallaReportes</Form>
        </DCCReference>
        <DCCReference Include="ufrmReportesInventario.pas">
            <Form>frmReportesInventario</Form>
        </DCCReference>
        <DCCReference Include="ufrmReportesEspecificos.pas">
            <Form>frmReportesEspecificos</Form>
        </DCCReference>
        <DCCReference Include="ufrmReportesExportar.pas">
            <Form>frmReportesExportar</Form>
        </DCCReference>
        <DCCReference Include="ufrmSplashScreen.pas">
            <Form>frmSplashScreen</Form>
        </DCCReference>
        <DCCReference Include="ufrmBuscarCliente.pas">
            <Form>frmBuscarCliente</Form>
        </DCCReference>
        <DCCReference Include="ufrmBuscarEmpleado.pas">
            <Form>frmBuscarEmpleado</Form>
        </DCCReference>
        <DCCReference Include="ufrmCatalogoPuntosCategoria.pas">
            <Form>frmCatalogoPuntosCategoria</Form>
        </DCCReference>
        <DCCReference Include="ufrmCatalogoPuntosPremio.pas">
            <Form>frmCatalogoPuntosPremio</Form>
        </DCCReference>
        <DCCReference Include="ufrmPCatalogoClub.pas">
            <Form>frmPCatalogoClub</Form>
        </DCCReference>
        <DCCReference Include="ufrmCatalogoArticulos.pas">
            <Form>frmCatalogoArticulos</Form>
        </DCCReference>
        <DCCReference Include="Server\LibraryEmpresas_Intf.pas"/>
        <DCCReference Include="CistemComun\CodigoFuente\CustomModule.pas">
            <Form>frmCustomModule</Form>
            <FormType>dfm</FormType>
        </DCCReference>
        <DCCReference Include="CistemComun\CodigoFuente\dmImagenes.pas">
            <Form>dmImages</Form>
            <FormType>dfm</FormType>
            <DesignClass>TDataModule</DesignClass>
        </DCCReference>
        <DCCReference Include="CistemComun\CodigoFuente\dmActions.pas">
            <Form>dmAppActions</Form>
            <FormType>dfm</FormType>
            <DesignClass>TDataModule</DesignClass>
        </DCCReference>
        <DCCReference Include="CistemComun\CodigoFuente\ExportaDataSet.pas"/>
        <DCCReference Include="CistemComun\CodigoFuente\LibXmlParser.pas"/>
        <DCCReference Include="CistemComun\CodigoFuente\rbPrvDlg.pas">
            <Form>rbPrintPreview</Form>
            <FormType>dfm</FormType>
        </DCCReference>
        <DCCReference Include="CistemComun\CodigoFuente\Seguridad.pas"/>
        <DCCReference Include="CistemComun\CodigoFuente\ufrmCatalogo.pas">
            <Form>frmCatalogo</Form>
            <FormType>dfm</FormType>
        </DCCReference>
        <DCCReference Include="CistemComun\CodigoFuente\ufrmPassword.pas">
            <Form>frmPassword</Form>
            <FormType>dfm</FormType>
        </DCCReference>
        <DCCReference Include="CistemComun\CodigoFuente\ufrmSplash.pas">
            <Form>frmSplash</Form>
            <FormType>dfm</FormType>
        </DCCReference>
        <DCCReference Include="CistemComun\CodigoFuente\uPSI_ExportaDataSet.pas"/>
        <DCCReference Include="CistemComun\CodigoFuente\UtileriasComun.pas"/>
        <DCCReference Include="CistemComun\CodigoFuente\Modules.pas"/>
        <DCCReference Include="ufrmBitacoraServiciosEst.pas">
            <Form>frmBitacoraServicioEst</Form>
            <FormType>dfm</FormType>
        </DCCReference>
        <DCCReference Include="ufrmHorariosPersonal.pas">
            <Form>frmHorariosPersonal</Form>
            <FormType>dfm</FormType>
        </DCCReference>
        <DCCReference Include="ufrmProgramaMantenimiento.pas">
            <Form>frmProgramaMantenimiento</Form>
            <FormType>dfm</FormType>
        </DCCReference>
        <DCCReference Include="ufrmTipoMantenimiento.pas">
            <Form>frmTipoMantenimiento</Form>
            <FormType>dfm</FormType>
        </DCCReference>
        <DCCReference Include="ufmEmpleados.pas">
            <Form>frmEmpleados</Form>
            <FormType>dfm</FormType>
        </DCCReference>
        <DCCReference Include="ufrmCropImage.pas">
            <Form>frmcropimage</Form>
            <FormType>dfm</FormType>
        </DCCReference>
        <BuildConfiguration Include="Debug">
            <Key>Cfg_2</Key>
            <CfgParent>Base</CfgParent>
        </BuildConfiguration>
        <BuildConfiguration Include="Base">
            <Key>Base</Key>
        </BuildConfiguration>
        <BuildConfiguration Include="Release">
            <Key>Cfg_1</Key>
            <CfgParent>Base</CfgParent>
        </BuildConfiguration>
    </ItemGroup>
    <Import Project="$(APPDATA)\Embarcadero\$(BDSAPPDATABASEDIR)\$(PRODUCTVERSION)\UserTools.proj" Condition="Exists('$(APPDATA)\Embarcadero\$(BDSAPPDATABASEDIR)\$(PRODUCTVERSION)\UserTools.proj')"/>
</Project>

<!-- EurekaLog First Line
[Exception Log]
EurekaLog Version=7007
Activate=0
AutoCrashOperation=2
boHandleSafeCallExceptions=1
boUseMainModuleOptions=1
CompatibilityMode=1
csoAllowedRenderMethods=8
csoDisabledRenderMethods=-2
csoShowWindowsThreads=1
DeleteMapAfterCompile=1
Dialog Class="TEurekaLogDialog"
edoAttachScreenshotChecked=0
edoSendErrorReportChecked=0
edoShowAttachScreenshotOption=0
edoShowCopyToClipOption=0
edoShowSendErrorReportOption=0
edoUseEurekaLogLookAndFeel=1
Email Address=""
Email Object=""
Encrypt Password=""
Errors Number=32
Errors Terminate=3
Foreground Tab=0
loCatchLeaks=0
loEnableMMDebugMode=0
loFreeAllLeaks=1
loHideRTLLeaks=0
loMaxLeaks=1024
loNoDuplicateErrors=1
loOnlyUnderIDE=0
loProcessesSection=1
mtDialog_ErrorMsgCaption="An error has occurred during program execution.\r\nPlease read the following information for further details."
mtException_LeakMemoryOverrun="Memory Overrun leak."
mtException_LeakMultiFree="Multi Free memory leak."
mtFileCrackedMsg="This file is cracked.\r\nThe application will be closed."
mtMSDialog_DescriptionCaption="We have created an error report that you can send to us. We will treat this report as confidential and anonymous."
mtMSDialog_EmailCaption="Email address (optional):"
mtMSDialog_ErrorMsgCaption="The application has encountered a problem. We are sorry for the inconvenience."
mtMSDialog_RestartCaption="Restart application."
mtMSDialog_SeeDetailsCaption="To see what data the error report contains,"
mtMSDialog_TerminateCaption="Terminate application."
mtReproduceDialog_Caption="Request"
mtSend_BugClosedMsg="These BUG is just closed.\r\nContact the program support to obtain an update."
mtSend_FailureMsg="Sorry, sending the message didn't work."
mtSend_SuccessMsg="The message was sent successfully."
mtSendDialog_Caption="Send."
mtSendDialog_Connected="Connected with server."
mtSendDialog_Connecting="Connecting with server..."
mtSendDialog_Login="Login..."
mtSendDialog_SelectProject="Select project..."
Output Path="%%CD%%\\ExceptionLOG"
SMTP From="eurekalog@email.com"
SMTP Host=""
SMTP UserID=""
sndAddDateInFileName=0
sndScreenshot=3
sndShowSuccessMsg=0
soActCtlsControlClass=1
soActCtlsControlText=1
soActCtlsFormClass=1
soActCtlsFormText=1
soAppCompilationDate=1
soAppName=1
soAppParameters=1
soAppStartDate=1
soAppUpTime=1
soAppVersionNumber=1
soCmpDisplayDPI=1
soCmpDisplayMode=1
soCmpFreeDisk=1
soCmpFreeMemory=1
soCmpName=1
soCmpPrinter=1
soCmpProcessor=1
soCmpSysUpTime=1
soCmpTotalDisk=1
soCmpTotalMemory=1
soCmpVideoCard=1
soCustomData=1
soExcCount=1
soExcDate=1
soExcModuleName=1
soExcModuleVersion=1
soExcNote=1
soExcStatus=1
soNetDHCP=1
soNetDNS1=1
soNetDNS2=1
soNetGateway=1
soNetIP=1
soNetSubmask=1
soOSBuildN=1
soOSCharset=1
soOSLanguage=1
soOSType=1
soOSUpdate=1
soUserCompany=1
soUserID=1
soUserPrivileges=1
TextsCollection=""
TrakerUser=""
WebPort=0
WebURL=""
EurekaLog Last Line -->
